
Microsoft Visual Studio Solution File, Format Version 12.00
# Visual Studio 2012
Project("{D954291E-2A0B-460D-934E-DC6B0785DB48}") = "AbsoluteLayoutSample", "AbsoluteLayoutSample\AbsoluteLayoutSample.shproj", "{3D256877-D8DF-4DCE-9290-9286695A603B}"
EndProject
Project("{FAE04EC0-301F-11D3-BF4B-00C04F79EFBC}") = "AbsoluteLayoutSample.iOS", "iOS\AbsoluteLayoutSample.iOS.csproj", "{7F3CD2CD-AB3A-4D64-808D-D2C8180461B6}"
EndProject
Project("{FAE04EC0-301F-11D3-BF4B-00C04F79EFBC}") = "AbsoluteLayoutSample.Droid", "Droid\AbsoluteLayoutSample.Droid.csproj", "{636F450C-DF14-4995-8B79-3D90B5CD8A74}"
EndProject
Global
	GlobalSection(SolutionConfigurationPlatforms) = preSolution
		Debug|iPhoneSimulator = Debug|iPhoneSimulator
		Release|iPhone = Release|iPhone
		Release|iPhoneSimulator = Release|iPhoneSimulator
		Debug|iPhone = Debug|iPhone
		Debug|Any CPU = Debug|Any CPU
		Release|Any CPU = Release|Any CPU
	EndGlobalSection
	GlobalSection(ProjectConfigurationPlatforms) = postSolution
		{636F450C-DF14-4995-8B79-3D90B5CD8A74}.Debug|Any CPU.ActiveCfg = Debug|Any CPU
		{636F450C-DF14-4995-8B79-3D90B5CD8A74}.Debug|Any CPU.Build.0 = Debug|Any CPU
		{636F450C-DF14-4995-8B79-3D90B5CD8A74}.Debug|iPhone.ActiveCfg = Debug|Any CPU
		{636F450C-DF14-4995-8B79-3D90B5CD8A74}.Debug|iPhone.Build.0 = Debug|Any CPU
		{636F450C-DF14-4995-8B79-3D90B5CD8A74}.Debug|iPhoneSimulator.ActiveCfg = Debug|Any CPU
		{636F450C-DF14-4995-8B79-3D90B5CD8A74}.Debug|iPhoneSimulator.Build.0 = Debug|Any CPU
		{636F450C-DF14-4995-8B79-3D90B5CD8A74}.Release|Any CPU.ActiveCfg = Release|Any CPU
		{636F450C-DF14-4995-8B79-3D90B5CD8A74}.Release|Any CPU.Build.0 = Release|Any CPU
		{636F450C-DF14-4995-8B79-3D90B5CD8A74}.Release|iPhone.ActiveCfg = Release|Any CPU
		{636F450C-DF14-4995-8B79-3D90B5CD8A74}.Release|iPhone.Build.0 = Release|Any CPU
		{636F450C-DF14-4995-8B79-3D90B5CD8A74}.Release|iPhoneSimulator.ActiveCfg = Release|Any CPU
		{636F450C-DF14-4995-8B79-3D90B5CD8A74}.Release|iPhoneSimulator.Build.0 = Release|Any CPU
		{7F3CD2CD-AB3A-4D64-808D-D2C8180461B6}.Debug|Any CPU.ActiveCfg = Debug|iPhoneSimulator
		{7F3CD2CD-AB3A-4D64-808D-D2C8180461B6}.Debug|Any CPU.Build.0 = Debug|iPhoneSimulator
		{7F3CD2CD-AB3A-4D64-808D-D2C8180461B6}.Debug|iPhone.ActiveCfg = Debug|iPhone
		{7F3CD2CD-AB3A-4D64-808D-D2C8180461B6}.Debug|iPhone.Build.0 = Debug|iPhone
		{7F3CD2CD-AB3A-4D64-808D-D2C8180461B6}.Debug|iPhoneSimulator.ActiveCfg = Debug|iPhoneSimulator
		{7F3CD2CD-AB3A-4D64-808D-D2C8180461B6}.Debug|iPhoneSimulator.Build.0 = Debug|iPhoneSimulator
		{7F3CD2CD-AB3A-4D64-808D-D2C8180461B6}.Release|Any CPU.ActiveCfg = Release|iPhone
		{7F3CD2CD-AB3A-4D64-808D-D2C8180461B6}.Release|Any CPU.Build.0 = Release|iPhone
		{7F3CD2CD-AB3A-4D64-808D-D2C8180461B6}.Release|iPhone.ActiveCfg = Release|iPhone
		{7F3CD2CD-AB3A-4D64-808D-D2C8180461B6}.Release|iPhone.Build.0 = Release|iPhone
		{7F3CD2CD-AB3A-4D64-808D-D2C8180461B6}.Release|iPhoneSimulator.ActiveCfg = Release|iPhoneSimulator
		{7F3CD2CD-AB3A-4D64-808D-D2C8180461B6}.Release|iPhoneSimulator.Build.0 = Release|iPhoneSimulator
	EndGlobalSection
EndGlobal
